// !$*UTF8*$!
{
	archiveVersion = 1;
	classes = {
	};
	objectVersion = 56;
	objects = {

/* Begin PBXBuildFile section */
		EA52B14129C345F100A3E68F /* group7App.swift in Sources */ = {isa = PBXBuildFile; fileRef = EA52B14029C345F100A3E68F /* group7App.swift */; };
		EA52B14329C345F100A3E68F /* ContentView.swift in Sources */ = {isa = PBXBuildFile; fileRef = EA52B14229C345F100A3E68F /* ContentView.swift */; };
		EA52B14529C345F200A3E68F /* Assets.xcassets in Resources */ = {isa = PBXBuildFile; fileRef = EA52B14429C345F200A3E68F /* Assets.xcassets */; };
		EA52B14829C345F200A3E68F /* Preview Assets.xcassets in Resources */ = {isa = PBXBuildFile; fileRef = EA52B14729C345F200A3E68F /* Preview Assets.xcassets */; };
		EA52B15229C345F200A3E68F /* group7Tests.swift in Sources */ = {isa = PBXBuildFile; fileRef = EA52B15129C345F200A3E68F /* group7Tests.swift */; };
		EA52B15C29C345F200A3E68F /* group7UITests.swift in Sources */ = {isa = PBXBuildFile; fileRef = EA52B15B29C345F200A3E68F /* group7UITests.swift */; };
		EA52B15E29C345F200A3E68F /* group7UITestsLaunchTests.swift in Sources */ = {isa = PBXBuildFile; fileRef = EA52B15D29C345F200A3E68F /* group7UITestsLaunchTests.swift */; };
/* End PBXBuildFile section */

/* Begin PBXContainerItemProxy section */
		EA52B14E29C345F200A3E68F /* PBXContainerItemProxy */ = {
			isa = PBXContainerItemProxy;
			containerPortal = EA52B13529C345F100A3E68F /* Project object */;
			proxyType = 1;
			remoteGlobalIDString = EA52B13C29C345F100A3E68F;
			remoteInfo = group7;
		};
		EA52B15829C345F200A3E68F /* PBXContainerItemProxy */ = {
			isa = PBXContainerItemProxy;
			containerPortal = EA52B13529C345F100A3E68F /* Project object */;
			proxyType = 1;
			remoteGlobalIDString = EA52B13C29C345F100A3E68F;
			remoteInfo = group7;
		};
/* End PBXContainerItemProxy section */

/* Begin PBXFileReference section */
		EA52B13D29C345F100A3E68F /* group7.app */ = {isa = PBXFileReference; explicitFileType = wrapper.application; includeInIndex = 0; path = group7.app; sourceTree = BUILT_PRODUCTS_DIR; };
		EA52B14029C345F100A3E68F /* group7App.swift */ = {isa = PBXFileReference; lastKnownFileType = sourcecode.swift; path = group7App.swift; sourceTree = "<group>"; };
		EA52B14229C345F100A3E68F /* ContentView.swift */ = {isa = PBXFileReference; lastKnownFileType = sourcecode.swift; path = ContentView.swift; sourceTree = "<group>"; };
		EA52B14429C345F200A3E68F /* Assets.xcassets */ = {isa = PBXFileReference; lastKnownFileType = folder.assetcatalog; path = Assets.xcassets; sourceTree = "<group>"; };
		EA52B14729C345F200A3E68F /* Preview Assets.xcassets */ = {isa = PBXFileReference; lastKnownFileType = folder.assetcatalog; path = "Preview Assets.xcassets"; sourceTree = "<group>"; };
		EA52B14D29C345F200A3E68F /* group7Tests.xctest */ = {isa = PBXFileReference; explicitFileType = wrapper.cfbundle; includeInIndex = 0; path = group7Tests.xctest; sourceTree = BUILT_PRODUCTS_DIR; };
		EA52B15129C345F200A3E68F /* group7Tests.swift */ = {isa = PBXFileReference; lastKnownFileType = sourcecode.swift; path = group7Tests.swift; sourceTree = "<group>"; };
		EA52B15729C345F200A3E68F /* group7UITests.xctest */ = {isa = PBXFileReference; explicitFileType = wrapper.cfbundle; includeInIndex = 0; path = group7UITests.xctest; sourceTree = BUILT_PRODUCTS_DIR; };
		EA52B15B29C345F200A3E68F /* group7UITests.swift */ = {isa = PBXFileReference; lastKnownFileType = sourcecode.swift; path = group7UITests.swift; sourceTree = "<group>"; };
		EA52B15D29C345F200A3E68F /* group7UITestsLaunchTests.swift */ = {isa = PBXFileReference; lastKnownFileType = sourcecode.swift; path = group7UITestsLaunchTests.swift; sourceTree = "<group>"; };
/* End PBXFileReference section */

/* Begin PBXFrameworksBuildPhase section */
		EA52B13A29C345F100A3E68F /* Frameworks */ = {
			isa = PBXFrameworksBuildPhase;
			buildActionMask = 2147483647;
			files = (
			);
			runOnlyForDeploymentPostprocessing = 0;
		};
		EA52B14A29C345F200A3E68F /* Frameworks */ = {
			isa = PBXFrameworksBuildPhase;
			buildActionMask = 2147483647;
			files = (
			);
			runOnlyForDeploymentPostprocessing = 0;
		};
		EA52B15429C345F200A3E68F /* Frameworks */ = {
			isa = PBXFrameworksBuildPhase;
			buildActionMask = 2147483647;
			files = (
			);
			runOnlyForDeploymentPostprocessing = 0;
		};
/* End PBXFrameworksBuildPhase section */

/* Begin PBXGroup section */
		EA52B13429C345F100A3E68F = {
			isa = PBXGroup;
			children = (
				EA52B13F29C345F100A3E68F /* group7 */,
				EA52B15029C345F200A3E68F /* group7Tests */,
				EA52B15A29C345F200A3E68F /* group7UITests */,
				EA52B13E29C345F100A3E68F /* Products */,
			);
			sourceTree = "<group>";
		};
		EA52B13E29C345F100A3E68F /* Products */ = {
			isa = PBXGroup;
			children = (
				EA52B13D29C345F100A3E68F /* group7.app */,
				EA52B14D29C345F200A3E68F /* group7Tests.xctest */,
				EA52B15729C345F200A3E68F /* group7UITests.xctest */,
			);
			name = Products;
			sourceTree = "<group>";
		};
		EA52B13F29C345F100A3E68F /* group7 */ = {
			isa = PBXGroup;
			children = (
				EA52B14029C345F100A3E68F /* group7App.swift */,
				EA52B14229C345F100A3E68F /* ContentView.swift */,
				EA52B14429C345F200A3E68F /* Assets.xcassets */,
				EA52B14629C345F200A3E68F /* Preview Content */,
			);
			path = group7;
			sourceTree = "<group>";
		};
		EA52B14629C345F200A3E68F /* Preview Content */ = {
			isa = PBXGroup;
			children = (
				EA52B14729C345F200A3E68F /* Preview Assets.xcassets */,
			);
			path = "Preview Content";
			sourceTree = "<group>";
		};
		EA52B15029C345F200A3E68F /* group7Tests */ = {
			isa = PBXGroup;
			children = (
				EA52B15129C345F200A3E68F /* group7Tests.swift */,
			);
			path = group7Tests;
			sourceTree = "<group>";
		};
		EA52B15A29C345F200A3E68F /* group7UITests */ = {
			isa = PBXGroup;
			children = (
				EA52B15B29C345F200A3E68F /* group7UITests.swift */,
				EA52B15D29C345F200A3E68F /* group7UITestsLaunchTests.swift */,
			);
			path = group7UITests;
			sourceTree = "<group>";
		};
/* End PBXGroup section */

/* Begin PBXNativeTarget section */
		EA52B13C29C345F100A3E68F /* group7 */ = {
			isa = PBXNativeTarget;
			buildConfigurationList = EA52B16129C345F200A3E68F /* Build configuration list for PBXNativeTarget "group7" */;
			buildPhases = (
				EA52B13929C345F100A3E68F /* Sources */,
				EA52B13A29C345F100A3E68F /* Frameworks */,
				EA52B13B29C345F100A3E68F /* Resources */,
			);
			buildRules = (
			);
			dependencies = (
			);
			name = group7;
			productName = group7;
			productReference = EA52B13D29C345F100A3E68F /* group7.app */;
			productType = "com.apple.product-type.application";
		};
		EA52B14C29C345F200A3E68F /* group7Tests */ = {
			isa = PBXNativeTarget;
			buildConfigurationList = EA52B16429C345F200A3E68F /* Build configuration list for PBXNativeTarget "group7Tests" */;
			buildPhases = (
				EA52B14929C345F200A3E68F /* Sources */,
				EA52B14A29C345F200A3E68F /* Frameworks */,
				EA52B14B29C345F200A3E68F /* Resources */,
			);
			buildRules = (
			);
			dependencies = (
				EA52B14F29C345F200A3E68F /* PBXTargetDependency */,
			);
			name = group7Tests;
			productName = group7Tests;
			productReference = EA52B14D29C345F200A3E68F /* group7Tests.xctest */;
			productType = "com.apple.product-type.bundle.unit-test";
		};
		EA52B15629C345F200A3E68F /* group7UITests */ = {
			isa = PBXNativeTarget;
			buildConfigurationList = EA52B16729C345F200A3E68F /* Build configuration list for PBXNativeTarget "group7UITests" */;
			buildPhases = (
				EA52B15329C345F200A3E68F /* Sources */,
				EA52B15429C345F200A3E68F /* Frameworks */,
				EA52B15529C345F200A3E68F /* Resources */,
			);
			buildRules = (
			);
			dependencies = (
				EA52B15929C345F200A3E68F /* PBXTargetDependency */,
			);
			name = group7UITests;
			productName = group7UITests;
			productReference = EA52B15729C345F200A3E68F /* group7UITests.xctest */;
			productType = "com.apple.product-type.bundle.ui-testing";
		};
/* End PBXNativeTarget section */

/* Begin PBXProject section */
		EA52B13529C345F100A3E68F /* Project object */ = {
			isa = PBXProject;
			attributes = {
				BuildIndependentTargetsInParallel = 1;
				LastSwiftUpdateCheck = 1420;
				LastUpgradeCheck = 1420;
				TargetAttributes = {
					EA52B13C29C345F100A3E68F = {
						CreatedOnToolsVersion = 14.2;
					};
					EA52B14C29C345F200A3E68F = {
						CreatedOnToolsVersion = 14.2;
						TestTargetID = EA52B13C29C345F100A3E68F;
					};
					EA52B15629C345F200A3E68F = {
						CreatedOnToolsVersion = 14.2;
						TestTargetID = EA52B13C29C345F100A3E68F;
					};
				};
			};
			buildConfigurationList = EA52B13829C345F100A3E68F /* Build configuration list for PBXProject "group7" */;
			compatibilityVersion = "Xcode 14.0";
			developmentRegion = en;
			hasScannedForEncodings = 0;
			knownRegions = (
				en,
				Base,
			);
			mainGroup = EA52B13429C345F100A3E68F;
			productRefGroup = EA52B13E29C345F100A3E68F /* Products */;
			projectDirPath = "";
			projectRoot = "";
			targets = (
				EA52B13C29C345F100A3E68F /* group7 */,
				EA52B14C29C345F200A3E68F /* group7Tests */,
				EA52B15629C345F200A3E68F /* group7UITests */,
			);
		};
/* End PBXProject section */

/* Begin PBXResourcesBuildPhase section */
		EA52B13B29C345F100A3E68F /* Resources */ = {
			isa = PBXResourcesBuildPhase;
			buildActionMask = 2147483647;
			files = (
				EA52B14829C345F200A3E68F /* Preview Assets.xcassets in Resources */,
				EA52B14529C345F200A3E68F /* Assets.xcassets in Resources */,
			);
			runOnlyForDeploymentPostprocessing = 0;
		};
		EA52B14B29C345F200A3E68F /* Resources */ = {
			isa = PBXResourcesBuildPhase;
			buildActionMask = 2147483647;
			files = (
			);
			runOnlyForDeploymentPostprocessing = 0;
		};
		EA52B15529C345F200A3E68F /* Resources */ = {
			isa = PBXResourcesBuildPhase;
			buildActionMask = 2147483647;
			files = (
			);
			runOnlyForDeploymentPostprocessing = 0;
		};
/* End PBXResourcesBuildPhase section */

/* Begin PBXSourcesBuildPhase section */
		EA52B13929C345F100A3E68F /* Sources */ = {
			isa = PBXSourcesBuildPhase;
			buildActionMask = 2147483647;
			files = (
				EA52B14329C345F100A3E68F /* ContentView.swift in Sources */,
				EA52B14129C345F100A3E68F /* group7App.swift in Sources */,
			);
			runOnlyForDeploymentPostprocessing = 0;
		};
		EA52B14929C345F200A3E68F /* Sources */ = {
			isa = PBXSourcesBuildPhase;
			buildActionMask = 2147483647;
			files = (
				EA52B15229C345F200A3E68F /* group7Tests.swift in Sources */,
			);
			runOnlyForDeploymentPostprocessing = 0;
		};
		EA52B15329C345F200A3E68F /* Sources */ = {
			isa = PBXSourcesBuildPhase;
			buildActionMask = 2147483647;
			files = (
				EA52B15E29C345F200A3E68F /* group7UITestsLaunchTests.swift in Sources */,
				EA52B15C29C345F200A3E68F /* group7UITests.swift in Sources */,
			);
			runOnlyForDeploymentPostprocessing = 0;
		};
/* End PBXSourcesBuildPhase section */

/* Begin PBXTargetDependency section */
		EA52B14F29C345F200A3E68F /* PBXTargetDependency */ = {
			isa = PBXTargetDependency;
			target = EA52B13C29C345F100A3E68F /* group7 */;
			targetProxy = EA52B14E29C345F200A3E68F /* PBXContainerItemProxy */;
		};
		EA52B15929C345F200A3E68F /* PBXTargetDependency */ = {
			isa = PBXTargetDependency;
			target = EA52B13C29C345F100A3E68F /* group7 */;
			targetProxy = EA52B15829C345F200A3E68F /* PBXContainerItemProxy */;
		};
/* End PBXTargetDependency section */

/* Begin XCBuildConfiguration section */
		EA52B15F29C345F200A3E68F /* Debug */ = {
			isa = XCBuildConfiguration;
			buildSettings = {
				ALWAYS_SEARCH_USER_PATHS = NO;
				CLANG_ANALYZER_NONNULL = YES;
				CLANG_ANALYZER_NUMBER_OBJECT_CONVERSION = YES_AGGRESSIVE;
				CLANG_CXX_LANGUAGE_STANDARD = "gnu++20";
				CLANG_ENABLE_MODULES = YES;
				CLANG_ENABLE_OBJC_ARC = YES;
				CLANG_ENABLE_OBJC_WEAK = YES;
				CLANG_WARN_BLOCK_CAPTURE_AUTORELEASING = YES;
				CLANG_WARN_BOOL_CONVERSION = YES;
				CLANG_WARN_COMMA = YES;
				CLANG_WARN_CONSTANT_CONVERSION = YES;
				CLANG_WARN_DEPRECATED_OBJC_IMPLEMENTATIONS = YES;
				CLANG_WARN_DIRECT_OBJC_ISA_USAGE = YES_ERROR;
				CLANG_WARN_DOCUMENTATION_COMMENTS = YES;
				CLANG_WARN_EMPTY_BODY = YES;
				CLANG_WARN_ENUM_CONVERSION = YES;
				CLANG_WARN_INFINITE_RECURSION = YES;
				CLANG_WARN_INT_CONVERSION = YES;
				CLANG_WARN_NON_LITERAL_NULL_CONVERSION = YES;
				CLANG_WARN_OBJC_IMPLICIT_RETAIN_SELF = YES;
				CLANG_WARN_OBJC_LITERAL_CONVERSION = YES;
				CLANG_WARN_OBJC_ROOT_CLASS = YES_ERROR;
				CLANG_WARN_QUOTED_INCLUDE_IN_FRAMEWORK_HEADER = YES;
				CLANG_WARN_RANGE_LOOP_ANALYSIS = YES;
				CLANG_WARN_STRICT_PROTOTYPES = YES;
				CLANG_WARN_SUSPICIOUS_MOVE = YES;
				CLANG_WARN_UNGUARDED_AVAILABILITY = YES_AGGRESSIVE;
				CLANG_WARN_UNREACHABLE_CODE = YES;
				CLANG_WARN__DUPLICATE_METHOD_MATCH = YES;
				COPY_PHASE_STRIP = NO;
				DEBUG_INFORMATION_FORMAT = dwarf;
				ENABLE_STRICT_OBJC_MSGSEND = YES;
				ENABLE_TESTABILITY = YES;
				GCC_C_LANGUAGE_STANDARD = gnu11;
				GCC_DYNAMIC_NO_PIC = NO;
				GCC_NO_COMMON_BLOCKS = YES;
				GCC_OPTIMIZATION_LEVEL = 0;
				GCC_PREPROCESSOR_DEFINITIONS = (
					"DEBUG=1",
					"$(inherited)",
				);
				GCC_WARN_64_TO_32_BIT_CONVERSION = YES;
				GCC_WARN_ABOUT_RETURN_TYPE = YES_ERROR;
				GCC_WARN_UNDECLARED_SELECTOR = YES;
				GCC_WARN_UNINITIALIZED_AUTOS = YES_AGGRESSIVE;
				GCC_WARN_UNUSED_FUNCTION = YES;
				GCC_WARN_UNUSED_VARIABLE = YES;
				IPHONEOS_DEPLOYMENT_TARGET = 16.2;
				MTL_ENABLE_DEBUG_INFO = INCLUDE_SOURCE;
				MTL_FAST_MATH = YES;
				ONLY_ACTIVE_ARCH = YES;
				SDKROOT = iphoneos;
				SWIFT_ACTIVE_COMPILATION_CONDITIONS = DEBUG;
				SWIFT_OPTIMIZATION_LEVEL = "-Onone";
			};
			name = Debug;
		};
		EA52B16029C345F200A3E68F /* Release */ = {
			isa = XCBuildConfiguration;
			buildSettings = {
				ALWAYS_SEARCH_USER_PATHS = NO;
				CLANG_ANALYZER_NONNULL = YES;
				CLANG_ANALYZER_NUMBER_OBJECT_CONVERSION = YES_AGGRESSIVE;
				CLANG_CXX_LANGUAGE_STANDARD = "gnu++20";
				CLANG_ENABLE_MODULES = YES;
				CLANG_ENABLE_OBJC_ARC = YES;
				CLANG_ENABLE_OBJC_WEAK = YES;
				CLANG_WARN_BLOCK_CAPTURE_AUTORELEASING = YES;
				CLANG_WARN_BOOL_CONVERSION = YES;
				CLANG_WARN_COMMA = YES;
				CLANG_WARN_CONSTANT_CONVERSION = YES;
				CLANG_WARN_DEPRECATED_OBJC_IMPLEMENTATIONS = YES;
				CLANG_WARN_DIRECT_OBJC_ISA_USAGE = YES_ERROR;
				CLANG_WARN_DOCUMENTATION_COMMENTS = YES;
				CLANG_WARN_EMPTY_BODY = YES;
				CLANG_WARN_ENUM_CONVERSION = YES;
				CLANG_WARN_INFINITE_RECURSION = YES;
				CLANG_WARN_INT_CONVERSION = YES;
				CLANG_WARN_NON_LITERAL_NULL_CONVERSION = YES;
				CLANG_WARN_OBJC_IMPLICIT_RETAIN_SELF = YES;
				CLANG_WARN_OBJC_LITERAL_CONVERSION = YES;
				CLANG_WARN_OBJC_ROOT_CLASS = YES_ERROR;
				CLANG_WARN_QUOTED_INCLUDE_IN_FRAMEWORK_HEADER = YES;
				CLANG_WARN_RANGE_LOOP_ANALYSIS = YES;
				CLANG_WARN_STRICT_PROTOTYPES = YES;
				CLANG_WARN_SUSPICIOUS_MOVE = YES;
				CLANG_WARN_UNGUARDED_AVAILABILITY = YES_AGGRESSIVE;
				CLANG_WARN_UNREACHABLE_CODE = YES;
				CLANG_WARN__DUPLICATE_METHOD_MATCH = YES;
				COPY_PHASE_STRIP = NO;
				DEBUG_INFORMATION_FORMAT = "dwarf-with-dsym";
				ENABLE_NS_ASSERTIONS = NO;
				ENABLE_STRICT_OBJC_MSGSEND = YES;
				GCC_C_LANGUAGE_STANDARD = gnu11;
				GCC_NO_COMMON_BLOCKS = YES;
				GCC_WARN_64_TO_32_BIT_CONVERSION = YES;
				GCC_WARN_ABOUT_RETURN_TYPE = YES_ERROR;
				GCC_WARN_UNDECLARED_SELECTOR = YES;
				GCC_WARN_UNINITIALIZED_AUTOS = YES_AGGRESSIVE;
				GCC_WARN_UNUSED_FUNCTION = YES;
				GCC_WARN_UNUSED_VARIABLE = YES;
				IPHONEOS_DEPLOYMENT_TARGET = 16.2;
				MTL_ENABLE_DEBUG_INFO = NO;
				MTL_FAST_MATH = YES;
				SDKROOT = iphoneos;
				SWIFT_COMPILATION_MODE = wholemodule;
				SWIFT_OPTIMIZATION_LEVEL = "-O";
				VALIDATE_PRODUCT = YES;
			};
			name = Release;
		};
		EA52B16229C345F200A3E68F /* Debug */ = {
			isa = XCBuildConfiguration;
			buildSettings = {
				ASSETCATALOG_COMPILER_APPICON_NAME = AppIcon;
				ASSETCATALOG_COMPILER_GLOBAL_ACCENT_COLOR_NAME = AccentColor;
				CODE_SIGN_STYLE = Automatic;
				CURRENT_PROJECT_VERSION = 1;
				DEVELOPMENT_ASSET_PATHS = "\"group7/Preview Content\"";
				DEVELOPMENT_TEAM = KH7BD93PMV;
				ENABLE_PREVIEWS = YES;
				GENERATE_INFOPLIST_FILE = YES;
				INFOPLIST_KEY_UIApplicationSceneManifest_Generation = YES;
				INFOPLIST_KEY_UIApplicationSupportsIndirectInputEvents = YES;
				INFOPLIST_KEY_UILaunchScreen_Generation = YES;
				INFOPLIST_KEY_UISupportedInterfaceOrientations_iPad = "UIInterfaceOrientationPortrait UIInterfaceOrientationPortraitUpsideDown UIInterfaceOrientationLandscapeLeft UIInterfaceOrientationLandscapeRight";
				INFOPLIST_KEY_UISupportedInterfaceOrientations_iPhone = "UIInterfaceOrientationPortrait UIInterfaceOrientationLandscapeLeft UIInterfaceOrientationLandscapeRight";
				LD_RUNPATH_SEARCH_PATHS = (
					"$(inherited)",
					"@executable_path/Frameworks",
				);
				MARKETING_VERSION = 1.0;
				PRODUCT_BUNDLE_IDENTIFIER = nl.fontys.prj423.group7;
				PRODUCT_NAME = "$(TARGET_NAME)";
				SWIFT_EMIT_LOC_STRINGS = YES;
				SWIFT_VERSION = 5.0;
				TARGETED_DEVICE_FAMILY = "1,2";
			};
			name = Debug;
		};
		EA52B16329C345F200A3E68F /* Release */ = {
			isa = XCBuildConfiguration;
			buildSettings = {
				ASSETCATALOG_COMPILER_APPICON_NAME = AppIcon;
				ASSETCATALOG_COMPILER_GLOBAL_ACCENT_COLOR_NAME = AccentColor;
				CODE_SIGN_STYLE = Automatic;
				CURRENT_PROJECT_VERSION = 1;
				DEVELOPMENT_ASSET_PATHS = "\"group7/Preview Content\"";
				DEVELOPMENT_TEAM = KH7BD93PMV;
				ENABLE_PREVIEWS = YES;
				GENERATE_INFOPLIST_FILE = YES;
				INFOPLIST_KEY_UIApplicationSceneManifest_Generation = YES;
				INFOPLIST_KEY_UIApplicationSupportsIndirectInputEvents = YES;
				INFOPLIST_KEY_UILaunchScreen_Generation = YES;
				INFOPLIST_KEY_UISupportedInterfaceOrientations_iPad = "UIInterfaceOrientationPortrait UIInterfaceOrientationPortraitUpsideDown UIInterfaceOrientationLandscapeLeft UIInterfaceOrientationLandscapeRight";
				INFOPLIST_KEY_UISupportedInterfaceOrientations_iPhone = "UIInterfaceOrientationPortrait UIInterfaceOrientationLandscapeLeft UIInterfaceOrientationLandscapeRight";
				LD_RUNPATH_SEARCH_PATHS = (
					"$(inherited)",
					"@executable_path/Frameworks",
				);
				MARKETING_VERSION = 1.0;
				PRODUCT_BUNDLE_IDENTIFIER = nl.fontys.prj423.group7;
				PRODUCT_NAME = "$(TARGET_NAME)";
				SWIFT_EMIT_LOC_STRINGS = YES;
				SWIFT_VERSION = 5.0;
				TARGETED_DEVICE_FAMILY = "1,2";
			};
			name = Release;
		};
		EA52B16529C345F200A3E68F /* Debug */ = {
			isa = XCBuildConfiguration;
			buildSettings = {
				ALWAYS_EMBED_SWIFT_STANDARD_LIBRARIES = YES;
				BUNDLE_LOADER = "$(TEST_HOST)";
				CODE_SIGN_STYLE = Automatic;
				CURRENT_PROJECT_VERSION = 1;
				DEVELOPMENT_TEAM = KH7BD93PMV;
				GENERATE_INFOPLIST_FILE = YES;
				IPHONEOS_DEPLOYMENT_TARGET = 16.2;
				MARKETING_VERSION = 1.0;
				PRODUCT_BUNDLE_IDENTIFIER = nl.fontys.prj423.group7Tests;
				PRODUCT_NAME = "$(TARGET_NAME)";
				SWIFT_EMIT_LOC_STRINGS = NO;
				SWIFT_VERSION = 5.0;
				TARGETED_DEVICE_FAMILY = "1,2";
				TEST_HOST = "$(BUILT_PRODUCTS_DIR)/group7.app/$(BUNDLE_EXECUTABLE_FOLDER_PATH)/group7";
			};
			name = Debug;
		};
		EA52B16629C345F200A3E68F /* Release */ = {
			isa = XCBuildConfiguration;
			buildSettings = {
				ALWAYS_EMBED_SWIFT_STANDARD_LIBRARIES = YES;
				BUNDLE_LOADER = "$(TEST_HOST)";
				CODE_SIGN_STYLE = Automatic;
				CURRENT_PROJECT_VERSION = 1;
				DEVELOPMENT_TEAM = KH7BD93PMV;
				GENERATE_INFOPLIST_FILE = YES;
				IPHONEOS_DEPLOYMENT_TARGET = 16.2;
				MARKETING_VERSION = 1.0;
				PRODUCT_BUNDLE_IDENTIFIER = nl.fontys.prj423.group7Tests;
				PRODUCT_NAME = "$(TARGET_NAME)";
				SWIFT_EMIT_LOC_STRINGS = NO;
				SWIFT_VERSION = 5.0;
				TARGETED_DEVICE_FAMILY = "1,2";
				TEST_HOST = "$(BUILT_PRODUCTS_DIR)/group7.app/$(BUNDLE_EXECUTABLE_FOLDER_PATH)/group7";
			};
			name = Release;
		};
		EA52B16829C345F200A3E68F /* Debug */ = {
			isa = XCBuildConfiguration;
			buildSettings = {
				ALWAYS_EMBED_SWIFT_STANDARD_LIBRARIES = YES;
				CODE_SIGN_STYLE = Automatic;
				CURRENT_PROJECT_VERSION = 1;
				DEVELOPMENT_TEAM = KH7BD93PMV;
				GENERATE_INFOPLIST_FILE = YES;
				MARKETING_VERSION = 1.0;
				PRODUCT_BUNDLE_IDENTIFIER = nl.fontys.prj423.group7UITests;
				PRODUCT_NAME = "$(TARGET_NAME)";
				SWIFT_EMIT_LOC_STRINGS = NO;
				SWIFT_VERSION = 5.0;
				TARGETED_DEVICE_FAMILY = "1,2";
				TEST_TARGET_NAME = group7;
			};
			name = Debug;
		};
		EA52B16929C345F200A3E68F /* Release */ = {
			isa = XCBuildConfiguration;
			buildSettings = {
				ALWAYS_EMBED_SWIFT_STANDARD_LIBRARIES = YES;
				CODE_SIGN_STYLE = Automatic;
				CURRENT_PROJECT_VERSION = 1;
				DEVELOPMENT_TEAM = KH7BD93PMV;
				GENERATE_INFOPLIST_FILE = YES;
				MARKETING_VERSION = 1.0;
				PRODUCT_BUNDLE_IDENTIFIER = nl.fontys.prj423.group7UITests;
				PRODUCT_NAME = "$(TARGET_NAME)";
				SWIFT_EMIT_LOC_STRINGS = NO;
				SWIFT_VERSION = 5.0;
				TARGETED_DEVICE_FAMILY = "1,2";
				TEST_TARGET_NAME = group7;
			};
			name = Release;
		};
/* End XCBuildConfiguration section */

/* Begin XCConfigurationList section */
		EA52B13829C345F100A3E68F /* Build configuration list for PBXProject "group7" */ = {
			isa = XCConfigurationList;
			buildConfigurations = (
				EA52B15F29C345F200A3E68F /* Debug */,
				EA52B16029C345F200A3E68F /* Release */,
			);
			defaultConfigurationIsVisible = 0;
			defaultConfigurationName = Release;
		};
		EA52B16129C345F200A3E68F /* Build configuration list for PBXNativeTarget "group7" */ = {
			isa = XCConfigurationList;
			buildConfigurations = (
				EA52B16229C345F200A3E68F /* Debug */,
				EA52B16329C345F200A3E68F /* Release */,
			);
			defaultConfigurationIsVisible = 0;
			defaultConfigurationName = Release;
		};
		EA52B16429C345F200A3E68F /* Build configuration list for PBXNativeTarget "group7Tests" */ = {
			isa = XCConfigurationList;
			buildConfigurations = (
				EA52B16529C345F200A3E68F /* Debug */,
				EA52B16629C345F200A3E68F /* Release */,
			);
			defaultConfigurationIsVisible = 0;
			defaultConfigurationName = Release;
		};
		EA52B16729C345F200A3E68F /* Build configuration list for PBXNativeTarget "group7UITests" */ = {
			isa = XCConfigurationList;
			buildConfigurations = (
				EA52B16829C345F200A3E68F /* Debug */,
				EA52B16929C345F200A3E68F /* Release */,
			);
			defaultConfigurationIsVisible = 0;
			defaultConfigurationName = Release;
		};
/* End XCConfigurationList section */
	};
	rootObject = EA52B13529C345F100A3E68F /* Project object */;
}
